
Microsoft Visual Studio Solution File, Format Version 12.00
# Visual Studio Version 16
VisualStudioVersion = 16.0.29209.152
MinimumVisualStudioVersion = 10.0.40219.1
Project("{9A19103F-16F7-4668-BE54-9A1E7A4F7556}") = "Nanr.Api", "Nanr.Api\Nanr.Api.csproj", "{1B13E1BC-46E0-4CC5-BBF4-3E613A66654D}"
EndProject
Project("{9A19103F-16F7-4668-BE54-9A1E7A4F7556}") = "Nanr.Data", "Nanr.Data\Nanr.Data.csproj", "{206029C4-9963-45C7-B072-20C0DBE73F3D}"
EndProject
Global
	GlobalSection(SolutionConfigurationPlatforms) = preSolution
		Debug|Any CPU = Debug|Any CPU
		Release|Any CPU = Release|Any CPU
		Test|Any CPU = Test|Any CPU
	EndGlobalSection
	GlobalSection(ProjectConfigurationPlatforms) = postSolution
		{1B13E1BC-46E0-4CC5-BBF4-3E613A66654D}.Debug|Any CPU.ActiveCfg = Debug|Any CPU
		{1B13E1BC-46E0-4CC5-BBF4-3E613A66654D}.Debug|Any CPU.Build.0 = Debug|Any CPU
		{1B13E1BC-46E0-4CC5-BBF4-3E613A66654D}.Release|Any CPU.ActiveCfg = Release|Any CPU
		{1B13E1BC-46E0-4CC5-BBF4-3E613A66654D}.Release|Any CPU.Build.0 = Release|Any CPU
		{1B13E1BC-46E0-4CC5-BBF4-3E613A66654D}.Test|Any CPU.ActiveCfg = Test|Any CPU
		{1B13E1BC-46E0-4CC5-BBF4-3E613A66654D}.Test|Any CPU.Build.0 = Test|Any CPU
		{206029C4-9963-45C7-B072-20C0DBE73F3D}.Debug|Any CPU.ActiveCfg = Debug|Any CPU
		{206029C4-9963-45C7-B072-20C0DBE73F3D}.Debug|Any CPU.Build.0 = Debug|Any CPU
		{206029C4-9963-45C7-B072-20C0DBE73F3D}.Release|Any CPU.ActiveCfg = Release|Any CPU
		{206029C4-9963-45C7-B072-20C0DBE73F3D}.Release|Any CPU.Build.0 = Release|Any CPU
		{206029C4-9963-45C7-B072-20C0DBE73F3D}.Test|Any CPU.ActiveCfg = Test|Any CPU
		{206029C4-9963-45C7-B072-20C0DBE73F3D}.Test|Any CPU.Build.0 = Test|Any CPU
	EndGlobalSection
	GlobalSection(SolutionProperties) = preSolution
		HideSolutionNode = FALSE
	EndGlobalSection
	GlobalSection(ExtensibilityGlobals) = postSolution
		SolutionGuid = {62C8CF0C-E707-4C08-B43A-BC08D9D17772}
	EndGlobalSection
EndGlobal
